
Microsoft Visual Studio Solution File, Format Version 12.00
# Visual Studio Version 16
VisualStudioVersion = 16.0.31702.278
MinimumVisualStudioVersion = 10.0.40219.1
Project("{FAE04EC0-301F-11D3-BF4B-00C04F79EFBC}") = "Editor", "Editor.csproj", "{A670FAA6-5C05-48E8-8C92-F9AFB248FCAD}"
EndProject
Global
	GlobalSection(SolutionConfigurationPlatforms) = preSolution
		Debug|Any CPU = Debug|Any CPU
		Release|Any CPU = Release|Any CPU
	EndGlobalSection
	GlobalSection(ProjectConfigurationPlatforms) = postSolution
		{A670FAA6-5C05-48E8-8C92-F9AFB248FCAD}.Debug|Any CPU.ActiveCfg = Debug|Any CPU
		{A670FAA6-5C05-48E8-8C92-F9AFB248FCAD}.Debug|Any CPU.Build.0 = Debug|Any CPU
		{A670FAA6-5C05-48E8-8C92-F9AFB248FCAD}.Release|Any CPU.ActiveCfg = Release|Any CPU
		{A670FAA6-5C05-48E8-8C92-F9AFB248FCAD}.Release|Any CPU.Build.0 = Release|Any CPU
	EndGlobalSection
	GlobalSection(SolutionProperties) = preSolution
		HideSolutionNode = FALSE
	EndGlobalSection
	GlobalSection(ExtensibilityGlobals) = postSolution
		SolutionGuid = {82821F04-6F07-4FB4-8480-2A034C674D2B}
	EndGlobalSection
EndGlobal
